
Microsoft Visual Studio Solution File, Format Version 12.00
# Visual Studio 2012
Project("{FAE04EC0-301F-11D3-BF4B-00C04F79EFBC}") = "SimpleCalculator", "SimpleCalculator\SimpleCalculator.csproj", "{A40BA774-2247-48F7-9FCA-7E8DEC716338}"
EndProject
Project("{FAE04EC0-301F-11D3-BF4B-00C04F79EFBC}") = "SimpleCalculator.iOS", "iOS\SimpleCalculator.iOS.csproj", "{41E1FA7A-2354-4AA2-8A90-FA947EB7EF26}"
EndProject
Project("{FAE04EC0-301F-11D3-BF4B-00C04F79EFBC}") = "SimpleCalculator.Droid", "Droid\SimpleCalculator.Droid.csproj", "{476135EE-189B-48AA-96F3-0017DF34086D}"
EndProject
Global
	GlobalSection(SolutionConfigurationPlatforms) = preSolution
		Debug|Any CPU = Debug|Any CPU
		Release|Any CPU = Release|Any CPU
		Debug|iPhoneSimulator = Debug|iPhoneSimulator
		Release|iPhone = Release|iPhone
		Release|iPhoneSimulator = Release|iPhoneSimulator
		Debug|iPhone = Debug|iPhone
	EndGlobalSection
	GlobalSection(ProjectConfigurationPlatforms) = postSolution
		{A40BA774-2247-48F7-9FCA-7E8DEC716338}.Debug|Any CPU.ActiveCfg = Debug|Any CPU
		{A40BA774-2247-48F7-9FCA-7E8DEC716338}.Debug|Any CPU.Build.0 = Debug|Any CPU
		{A40BA774-2247-48F7-9FCA-7E8DEC716338}.Release|Any CPU.ActiveCfg = Release|Any CPU
		{A40BA774-2247-48F7-9FCA-7E8DEC716338}.Release|Any CPU.Build.0 = Release|Any CPU
		{A40BA774-2247-48F7-9FCA-7E8DEC716338}.Debug|iPhoneSimulator.ActiveCfg = Debug|Any CPU
		{A40BA774-2247-48F7-9FCA-7E8DEC716338}.Debug|iPhoneSimulator.Build.0 = Debug|Any CPU
		{A40BA774-2247-48F7-9FCA-7E8DEC716338}.Release|iPhone.ActiveCfg = Release|Any CPU
		{A40BA774-2247-48F7-9FCA-7E8DEC716338}.Release|iPhone.Build.0 = Release|Any CPU
		{A40BA774-2247-48F7-9FCA-7E8DEC716338}.Release|iPhoneSimulator.ActiveCfg = Release|Any CPU
		{A40BA774-2247-48F7-9FCA-7E8DEC716338}.Release|iPhoneSimulator.Build.0 = Release|Any CPU
		{A40BA774-2247-48F7-9FCA-7E8DEC716338}.Debug|iPhone.ActiveCfg = Debug|Any CPU
		{A40BA774-2247-48F7-9FCA-7E8DEC716338}.Debug|iPhone.Build.0 = Debug|Any CPU
		{41E1FA7A-2354-4AA2-8A90-FA947EB7EF26}.Debug|Any CPU.ActiveCfg = Debug|iPhoneSimulator
		{41E1FA7A-2354-4AA2-8A90-FA947EB7EF26}.Debug|Any CPU.Build.0 = Debug|iPhoneSimulator
		{41E1FA7A-2354-4AA2-8A90-FA947EB7EF26}.Release|Any CPU.ActiveCfg = Release|iPhone
		{41E1FA7A-2354-4AA2-8A90-FA947EB7EF26}.Release|Any CPU.Build.0 = Release|iPhone
		{41E1FA7A-2354-4AA2-8A90-FA947EB7EF26}.Debug|iPhoneSimulator.ActiveCfg = Debug|iPhoneSimulator
		{41E1FA7A-2354-4AA2-8A90-FA947EB7EF26}.Debug|iPhoneSimulator.Build.0 = Debug|iPhoneSimulator
		{41E1FA7A-2354-4AA2-8A90-FA947EB7EF26}.Release|iPhone.ActiveCfg = Release|iPhone
		{41E1FA7A-2354-4AA2-8A90-FA947EB7EF26}.Release|iPhone.Build.0 = Release|iPhone
		{41E1FA7A-2354-4AA2-8A90-FA947EB7EF26}.Release|iPhoneSimulator.ActiveCfg = Release|iPhoneSimulator
		{41E1FA7A-2354-4AA2-8A90-FA947EB7EF26}.Release|iPhoneSimulator.Build.0 = Release|iPhoneSimulator
		{41E1FA7A-2354-4AA2-8A90-FA947EB7EF26}.Debug|iPhone.ActiveCfg = Debug|iPhone
		{41E1FA7A-2354-4AA2-8A90-FA947EB7EF26}.Debug|iPhone.Build.0 = Debug|iPhone
		{476135EE-189B-48AA-96F3-0017DF34086D}.Debug|Any CPU.ActiveCfg = Debug|Any CPU
		{476135EE-189B-48AA-96F3-0017DF34086D}.Debug|Any CPU.Build.0 = Debug|Any CPU
		{476135EE-189B-48AA-96F3-0017DF34086D}.Release|Any CPU.ActiveCfg = Release|Any CPU
		{476135EE-189B-48AA-96F3-0017DF34086D}.Release|Any CPU.Build.0 = Release|Any CPU
		{476135EE-189B-48AA-96F3-0017DF34086D}.Debug|iPhoneSimulator.ActiveCfg = Debug|Any CPU
		{476135EE-189B-48AA-96F3-0017DF34086D}.Debug|iPhoneSimulator.Build.0 = Debug|Any CPU
		{476135EE-189B-48AA-96F3-0017DF34086D}.Release|iPhone.ActiveCfg = Release|Any CPU
		{476135EE-189B-48AA-96F3-0017DF34086D}.Release|iPhone.Build.0 = Release|Any CPU
		{476135EE-189B-48AA-96F3-0017DF34086D}.Release|iPhoneSimulator.ActiveCfg = Release|Any CPU
		{476135EE-189B-48AA-96F3-0017DF34086D}.Release|iPhoneSimulator.Build.0 = Release|Any CPU
		{476135EE-189B-48AA-96F3-0017DF34086D}.Debug|iPhone.ActiveCfg = Debug|Any CPU
		{476135EE-189B-48AA-96F3-0017DF34086D}.Debug|iPhone.Build.0 = Debug|Any CPU
	EndGlobalSection
EndGlobal
